
Microsoft Visual Studio Solution File, Format Version 12.00
# Visual Studio 15
VisualStudioVersion = 15.0.28307.421
MinimumVisualStudioVersion = 10.0.40219.1
Project("{FAE04EC0-301F-11D3-BF4B-00C04F79EFBC}") = "SGBank.Data", "SGBank.Data\SGBank.Data.csproj", "{72A22FCE-34C5-4F51-B97F-9EEA8562AF69}"
EndProject
Project("{FAE04EC0-301F-11D3-BF4B-00C04F79EFBC}") = "SGBank.UI", "SGBank.UI\SGBank.UI.csproj", "{41DBC406-E32F-4FF9-9AFE-95AB17100D64}"
EndProject
Project("{FAE04EC0-301F-11D3-BF4B-00C04F79EFBC}") = "SGBank.Models", "SGBank.Models\SGBank.Models.csproj", "{E287AD8F-A6AE-4028-8743-CAFB8DC49227}"
EndProject
Project("{FAE04EC0-301F-11D3-BF4B-00C04F79EFBC}") = "SGBank.BLL", "SGBank.BLL\SGBank.BLL.csproj", "{E28F7AAF-AD39-4E9C-B148-3E40DDEFFDB6}"
EndProject
Project("{FAE04EC0-301F-11D3-BF4B-00C04F79EFBC}") = "SGBank.Tests", "SGBank.Tests\SGBank.Tests.csproj", "{38B23F5B-B2CF-4EAC-9AF0-512E64B00B15}"
EndProject
Global
	GlobalSection(SolutionConfigurationPlatforms) = preSolution
		Debug|Any CPU = Debug|Any CPU
		Release|Any CPU = Release|Any CPU
	EndGlobalSection
	GlobalSection(ProjectConfigurationPlatforms) = postSolution
		{72A22FCE-34C5-4F51-B97F-9EEA8562AF69}.Debug|Any CPU.ActiveCfg = Debug|Any CPU
		{72A22FCE-34C5-4F51-B97F-9EEA8562AF69}.Debug|Any CPU.Build.0 = Debug|Any CPU
		{72A22FCE-34C5-4F51-B97F-9EEA8562AF69}.Release|Any CPU.ActiveCfg = Release|Any CPU
		{72A22FCE-34C5-4F51-B97F-9EEA8562AF69}.Release|Any CPU.Build.0 = Release|Any CPU
		{41DBC406-E32F-4FF9-9AFE-95AB17100D64}.Debug|Any CPU.ActiveCfg = Debug|Any CPU
		{41DBC406-E32F-4FF9-9AFE-95AB17100D64}.Debug|Any CPU.Build.0 = Debug|Any CPU
		{41DBC406-E32F-4FF9-9AFE-95AB17100D64}.Release|Any CPU.ActiveCfg = Release|Any CPU
		{41DBC406-E32F-4FF9-9AFE-95AB17100D64}.Release|Any CPU.Build.0 = Release|Any CPU
		{E287AD8F-A6AE-4028-8743-CAFB8DC49227}.Debug|Any CPU.ActiveCfg = Debug|Any CPU
		{E287AD8F-A6AE-4028-8743-CAFB8DC49227}.Debug|Any CPU.Build.0 = Debug|Any CPU
		{E287AD8F-A6AE-4028-8743-CAFB8DC49227}.Release|Any CPU.ActiveCfg = Release|Any CPU
		{E287AD8F-A6AE-4028-8743-CAFB8DC49227}.Release|Any CPU.Build.0 = Release|Any CPU
		{E28F7AAF-AD39-4E9C-B148-3E40DDEFFDB6}.Debug|Any CPU.ActiveCfg = Debug|Any CPU
		{E28F7AAF-AD39-4E9C-B148-3E40DDEFFDB6}.Debug|Any CPU.Build.0 = Debug|Any CPU
		{E28F7AAF-AD39-4E9C-B148-3E40DDEFFDB6}.Release|Any CPU.ActiveCfg = Release|Any CPU
		{E28F7AAF-AD39-4E9C-B148-3E40DDEFFDB6}.Release|Any CPU.Build.0 = Release|Any CPU
		{38B23F5B-B2CF-4EAC-9AF0-512E64B00B15}.Debug|Any CPU.ActiveCfg = Debug|Any CPU
		{38B23F5B-B2CF-4EAC-9AF0-512E64B00B15}.Debug|Any CPU.Build.0 = Debug|Any CPU
		{38B23F5B-B2CF-4EAC-9AF0-512E64B00B15}.Release|Any CPU.ActiveCfg = Release|Any CPU
		{38B23F5B-B2CF-4EAC-9AF0-512E64B00B15}.Release|Any CPU.Build.0 = Release|Any CPU
	EndGlobalSection
	GlobalSection(SolutionProperties) = preSolution
		HideSolutionNode = FALSE
	EndGlobalSection
	GlobalSection(ExtensibilityGlobals) = postSolution
		SolutionGuid = {D68943C2-5AE3-4708-8188-97E938DDDD14}
	EndGlobalSection
EndGlobal
